
Microsoft Visual Studio Solution File, Format Version 12.00
# Visual Studio Version 17
VisualStudioVersion = 17.6.33815.320
MinimumVisualStudioVersion = 10.0.40219.1
Project("{8BC9CEB8-8B4A-11D0-8D11-00A0C91BC942}") = "main", "main\main.vcxproj", "{D4642065-5DBA-43B0-81DF-814FF84391CF}"
	ProjectSection(ProjectDependencies) = postProject
		{1C7B1436-B501-4BEA-B99A-BD87BA800856} = {1C7B1436-B501-4BEA-B99A-BD87BA800856}
		{7F7FBE23-57D9-4F81-B1E1-C09A5CEEF52B} = {7F7FBE23-57D9-4F81-B1E1-C09A5CEEF52B}
	EndProjectSection
EndProject
Project("{8BC9CEB8-8B4A-11D0-8D11-00A0C91BC942}") = "MathLibraly", "MathLibraly\MathLibraly.vcxproj", "{7F7FBE23-57D9-4F81-B1E1-C09A5CEEF52B}"
EndProject
Project("{8BC9CEB8-8B4A-11D0-8D11-00A0C91BC942}") = "MathLibralyTest", "MathLibralyTest\MathLibralyTest.vcxproj", "{1C7B1436-B501-4BEA-B99A-BD87BA800856}"
EndProject
Global
	GlobalSection(SolutionConfigurationPlatforms) = preSolution
		Debug|x64 = Debug|x64
		Debug|x86 = Debug|x86
		Release|x64 = Release|x64
		Release|x86 = Release|x86
	EndGlobalSection
	GlobalSection(ProjectConfigurationPlatforms) = postSolution
		{D4642065-5DBA-43B0-81DF-814FF84391CF}.Debug|x64.ActiveCfg = Debug|x64
		{D4642065-5DBA-43B0-81DF-814FF84391CF}.Debug|x64.Build.0 = Debug|x64
		{D4642065-5DBA-43B0-81DF-814FF84391CF}.Debug|x86.ActiveCfg = Debug|Win32
		{D4642065-5DBA-43B0-81DF-814FF84391CF}.Debug|x86.Build.0 = Debug|Win32
		{D4642065-5DBA-43B0-81DF-814FF84391CF}.Release|x64.ActiveCfg = Release|x64
		{D4642065-5DBA-43B0-81DF-814FF84391CF}.Release|x64.Build.0 = Release|x64
		{D4642065-5DBA-43B0-81DF-814FF84391CF}.Release|x86.ActiveCfg = Release|Win32
		{D4642065-5DBA-43B0-81DF-814FF84391CF}.Release|x86.Build.0 = Release|Win32
		{7F7FBE23-57D9-4F81-B1E1-C09A5CEEF52B}.Debug|x64.ActiveCfg = Debug|x64
		{7F7FBE23-57D9-4F81-B1E1-C09A5CEEF52B}.Debug|x64.Build.0 = Debug|x64
		{7F7FBE23-57D9-4F81-B1E1-C09A5CEEF52B}.Debug|x86.ActiveCfg = Debug|Win32
		{7F7FBE23-57D9-4F81-B1E1-C09A5CEEF52B}.Debug|x86.Build.0 = Debug|Win32
		{7F7FBE23-57D9-4F81-B1E1-C09A5CEEF52B}.Release|x64.ActiveCfg = Release|x64
		{7F7FBE23-57D9-4F81-B1E1-C09A5CEEF52B}.Release|x64.Build.0 = Release|x64
		{7F7FBE23-57D9-4F81-B1E1-C09A5CEEF52B}.Release|x86.ActiveCfg = Release|Win32
		{7F7FBE23-57D9-4F81-B1E1-C09A5CEEF52B}.Release|x86.Build.0 = Release|Win32
		{1C7B1436-B501-4BEA-B99A-BD87BA800856}.Debug|x64.ActiveCfg = Debug|x64
		{1C7B1436-B501-4BEA-B99A-BD87BA800856}.Debug|x64.Build.0 = Debug|x64
		{1C7B1436-B501-4BEA-B99A-BD87BA800856}.Debug|x86.ActiveCfg = Debug|Win32
		{1C7B1436-B501-4BEA-B99A-BD87BA800856}.Debug|x86.Build.0 = Debug|Win32
		{1C7B1436-B501-4BEA-B99A-BD87BA800856}.Release|x64.ActiveCfg = Release|x64
		{1C7B1436-B501-4BEA-B99A-BD87BA800856}.Release|x64.Build.0 = Release|x64
		{1C7B1436-B501-4BEA-B99A-BD87BA800856}.Release|x86.ActiveCfg = Release|Win32
		{1C7B1436-B501-4BEA-B99A-BD87BA800856}.Release|x86.Build.0 = Release|Win32
	EndGlobalSection
	GlobalSection(SolutionProperties) = preSolution
		HideSolutionNode = FALSE
	EndGlobalSection
	GlobalSection(ExtensibilityGlobals) = postSolution
		SolutionGuid = {5CAEA4F9-90CA-487A-85CB-87262EAEF77D}
	EndGlobalSection
EndGlobal
